{
  "name": "node-usi",
  "version": "0.1.0",
  "lockfileVersion": 3,
  "requires": true,
  "packages": {
    "": {
      "name": "node-usi",
      "version": "0.1.0",
      "license": "GPL-3.0",
      "dependencies": {
        "lodash": "^4.17.21",
        "unidecode": "^1.0.1"
      }
    },
    "node_modules/lodash": {
      "version": "4.17.21",
      "resolved": "https://registry.npmjs.org/lodash/-/lodash-4.17.21.tgz",
      "integrity": "sha512-v2kDEe57lecTulaDIuNTPy3Ry4gLGJ6Z1O3vE1krgXZNrsQ+LFTGHVxVjcXPs17LhbZVGedAJv8XZ1tvj5FvSg=="
    },
    "node_modules/unidecode": {
      "version": "1.0.1",
      "resolved": "https://registry.npmjs.org/unidecode/-/unidecode-1.0.1.tgz",
      "integrity": "sha512-9t2iq9jV5+FtXDDyNwMk6Tm0UjoOahc2aqA8B5gG0ED/DsFWHiMdKvEF/R+1gLGFHuzWaNZjbfj+Hf0KQYz+Yg==",
      "engines": {
        "node": ">= 0.4.12"
      }
    }
  }
}
